github.com/ybrandes/go_greetings v0.0.0-20210630164258-0604a373502e h1:TelAIKh8KnZsH8J6zsMeiqFheZAJ2OPg8Oe74paKPqs=
github.com/ybrandes/go_greetings v0.0.0-20210630164258-0604a373502e/go.mod h1:/OX2OCTpWy2sP4GFy444M1p3vNNDcE/6Eq4LQUVZ1YU=
github.com/ybrandes/go_greetings v0.0.0-20210702171600-16504e1e9082 h1:b3kq0XzJKh+dAABSeTTnh2QmDb5NsHZlJzL4Zfj6sMg=
github.com/ybrandes/go_greetings v0.0.0-20210702171600-16504e1e9082/go.mod h1:/OX2OCTpWy2sP4GFy444M1p3vNNDcE/6Eq4LQUVZ1YU=
